
Microsoft Visual Studio Solution File, Format Version 12.00
# Visual Studio 15
VisualStudioVersion = 15.0.27130.2010
MinimumVisualStudioVersion = 10.0.40219.1
Project("{9A19103F-16F7-4668-BE54-9A1E7A4F7556}") = "TheTruth", "TheTruth\TheTruth.csproj", "{DD93C637-EED6-4F09-A98E-5A058D51DD59}"
EndProject
Project("{FAE04EC0-301F-11D3-BF4B-00C04F79EFBC}") = "Repository", "Repository\Repository.csproj", "{488226A4-EB05-4FA0-AEE5-17908E9FFF40}"
EndProject
Project("{FAE04EC0-301F-11D3-BF4B-00C04F79EFBC}") = "VedioService", "VedioService\VedioService.csproj", "{0E9FEB23-3460-4AC8-87EF-2C1A8323122C}"
EndProject
Project("{9A19103F-16F7-4668-BE54-9A1E7A4F7556}") = "VideoService.Test", "VideoService.Test\VideoService.Test.csproj", "{DC226AC3-0022-4ED9-85C6-0348BA6DE404}"
EndProject
Project("{2150E333-8FDC-42A3-9474-1A3956D46DE8}") = "BLL", "BLL", "{028C67DE-9948-417C-A35F-933EDDA67DA1}"
EndProject
Project("{2150E333-8FDC-42A3-9474-1A3956D46DE8}") = "DAL", "DAL", "{A20189C6-E24D-447F-9E0E-4B302B9BF63F}"
EndProject
Project("{2150E333-8FDC-42A3-9474-1A3956D46DE8}") = "Test", "Test", "{02C94EBF-9E71-4F44-BF03-16DAFFC997B8}"
EndProject
Project("{FAE04EC0-301F-11D3-BF4B-00C04F79EFBC}") = "DataAccess", "DataAccess\DataAccess.csproj", "{1F741450-D095-4ACA-A094-979B697E7DF0}"
EndProject
Project("{FAE04EC0-301F-11D3-BF4B-00C04F79EFBC}") = "DataModel", "DataModel\DataModel.csproj", "{4D85E7EB-4CA9-41F7-90CA-0F12A814A049}"
EndProject
Global
	GlobalSection(SolutionConfigurationPlatforms) = preSolution
		Debug|Any CPU = Debug|Any CPU
		Release|Any CPU = Release|Any CPU
	EndGlobalSection
	GlobalSection(ProjectConfigurationPlatforms) = postSolution
		{DD93C637-EED6-4F09-A98E-5A058D51DD59}.Debug|Any CPU.ActiveCfg = Debug|Any CPU
		{DD93C637-EED6-4F09-A98E-5A058D51DD59}.Debug|Any CPU.Build.0 = Debug|Any CPU
		{DD93C637-EED6-4F09-A98E-5A058D51DD59}.Release|Any CPU.ActiveCfg = Release|Any CPU
		{DD93C637-EED6-4F09-A98E-5A058D51DD59}.Release|Any CPU.Build.0 = Release|Any CPU
		{488226A4-EB05-4FA0-AEE5-17908E9FFF40}.Debug|Any CPU.ActiveCfg = Debug|Any CPU
		{488226A4-EB05-4FA0-AEE5-17908E9FFF40}.Debug|Any CPU.Build.0 = Debug|Any CPU
		{488226A4-EB05-4FA0-AEE5-17908E9FFF40}.Release|Any CPU.ActiveCfg = Release|Any CPU
		{488226A4-EB05-4FA0-AEE5-17908E9FFF40}.Release|Any CPU.Build.0 = Release|Any CPU
		{0E9FEB23-3460-4AC8-87EF-2C1A8323122C}.Debug|Any CPU.ActiveCfg = Debug|Any CPU
		{0E9FEB23-3460-4AC8-87EF-2C1A8323122C}.Debug|Any CPU.Build.0 = Debug|Any CPU
		{0E9FEB23-3460-4AC8-87EF-2C1A8323122C}.Release|Any CPU.ActiveCfg = Release|Any CPU
		{0E9FEB23-3460-4AC8-87EF-2C1A8323122C}.Release|Any CPU.Build.0 = Release|Any CPU
		{DC226AC3-0022-4ED9-85C6-0348BA6DE404}.Debug|Any CPU.ActiveCfg = Debug|Any CPU
		{DC226AC3-0022-4ED9-85C6-0348BA6DE404}.Debug|Any CPU.Build.0 = Debug|Any CPU
		{DC226AC3-0022-4ED9-85C6-0348BA6DE404}.Release|Any CPU.ActiveCfg = Release|Any CPU
		{DC226AC3-0022-4ED9-85C6-0348BA6DE404}.Release|Any CPU.Build.0 = Release|Any CPU
		{1F741450-D095-4ACA-A094-979B697E7DF0}.Debug|Any CPU.ActiveCfg = Debug|Any CPU
		{1F741450-D095-4ACA-A094-979B697E7DF0}.Debug|Any CPU.Build.0 = Debug|Any CPU
		{1F741450-D095-4ACA-A094-979B697E7DF0}.Release|Any CPU.ActiveCfg = Release|Any CPU
		{1F741450-D095-4ACA-A094-979B697E7DF0}.Release|Any CPU.Build.0 = Release|Any CPU
		{4D85E7EB-4CA9-41F7-90CA-0F12A814A049}.Debug|Any CPU.ActiveCfg = Debug|Any CPU
		{4D85E7EB-4CA9-41F7-90CA-0F12A814A049}.Debug|Any CPU.Build.0 = Debug|Any CPU
		{4D85E7EB-4CA9-41F7-90CA-0F12A814A049}.Release|Any CPU.ActiveCfg = Release|Any CPU
		{4D85E7EB-4CA9-41F7-90CA-0F12A814A049}.Release|Any CPU.Build.0 = Release|Any CPU
	EndGlobalSection
	GlobalSection(SolutionProperties) = preSolution
		HideSolutionNode = FALSE
	EndGlobalSection
	GlobalSection(NestedProjects) = preSolution
		{488226A4-EB05-4FA0-AEE5-17908E9FFF40} = {A20189C6-E24D-447F-9E0E-4B302B9BF63F}
		{0E9FEB23-3460-4AC8-87EF-2C1A8323122C} = {028C67DE-9948-417C-A35F-933EDDA67DA1}
		{DC226AC3-0022-4ED9-85C6-0348BA6DE404} = {02C94EBF-9E71-4F44-BF03-16DAFFC997B8}
		{1F741450-D095-4ACA-A094-979B697E7DF0} = {A20189C6-E24D-447F-9E0E-4B302B9BF63F}
		{4D85E7EB-4CA9-41F7-90CA-0F12A814A049} = {A20189C6-E24D-447F-9E0E-4B302B9BF63F}
	EndGlobalSection
	GlobalSection(ExtensibilityGlobals) = postSolution
		SolutionGuid = {372EEADD-F100-40FC-B371-CEE656A839CE}
	EndGlobalSection
EndGlobal
