
Microsoft Visual Studio Solution File, Format Version 12.00
# Visual Studio 15
VisualStudioVersion = 15.0.27130.2010
MinimumVisualStudioVersion = 10.0.40219.1
Project("{9A19103F-16F7-4668-BE54-9A1E7A4F7556}") = "TheTruth", "TheTruth\TheTruth.csproj", "{DD93C637-EED6-4F09-A98E-5A058D51DD59}"
EndProject
Project("{2150E333-8FDC-42A3-9474-1A3956D46DE8}") = "BLL", "BLL", "{028C67DE-9948-417C-A35F-933EDDA67DA1}"
EndProject
Project("{2150E333-8FDC-42A3-9474-1A3956D46DE8}") = "DAL", "DAL", "{A20189C6-E24D-447F-9E0E-4B302B9BF63F}"
EndProject
Project("{2150E333-8FDC-42A3-9474-1A3956D46DE8}") = "Test", "Test", "{02C94EBF-9E71-4F44-BF03-16DAFFC997B8}"
EndProject
Project("{9A19103F-16F7-4668-BE54-9A1E7A4F7556}") = "DataAccess", "TheTruth\DataAccess\DataAccess.csproj", "{D1A078D6-1602-4397-9092-7F05BE2F2ED5}"
EndProject
Project("{9A19103F-16F7-4668-BE54-9A1E7A4F7556}") = "DataModel", "TheTruth\DataModel\DataModel.csproj", "{FBE31534-A682-4FFF-ABFD-494B8D0E0CB8}"
EndProject
Project("{9A19103F-16F7-4668-BE54-9A1E7A4F7556}") = "Repository", "TheTruth\Repository\Repository.csproj", "{F79235C2-D357-49C4-8F2C-944D4EA2F887}"
EndProject
Project("{9A19103F-16F7-4668-BE54-9A1E7A4F7556}") = "VideoService.Test", "TheTruth\VideoService.Test\VideoService.Test.csproj", "{3CEB43BF-A12A-439A-96C1-A4A75DDB1A26}"
EndProject
Project("{9A19103F-16F7-4668-BE54-9A1E7A4F7556}") = "VedioService", "TheTruth\VedioService\VedioService.csproj", "{CA7D84FF-DE45-4692-A3AC-95314F2968BD}"
EndProject
Global
	GlobalSection(SolutionConfigurationPlatforms) = preSolution
		Debug|Any CPU = Debug|Any CPU
		Release|Any CPU = Release|Any CPU
	EndGlobalSection
	GlobalSection(ProjectConfigurationPlatforms) = postSolution
		{DD93C637-EED6-4F09-A98E-5A058D51DD59}.Debug|Any CPU.ActiveCfg = Debug|Any CPU
		{DD93C637-EED6-4F09-A98E-5A058D51DD59}.Debug|Any CPU.Build.0 = Debug|Any CPU
		{DD93C637-EED6-4F09-A98E-5A058D51DD59}.Release|Any CPU.ActiveCfg = Release|Any CPU
		{DD93C637-EED6-4F09-A98E-5A058D51DD59}.Release|Any CPU.Build.0 = Release|Any CPU
		{D1A078D6-1602-4397-9092-7F05BE2F2ED5}.Debug|Any CPU.ActiveCfg = Debug|Any CPU
		{D1A078D6-1602-4397-9092-7F05BE2F2ED5}.Debug|Any CPU.Build.0 = Debug|Any CPU
		{D1A078D6-1602-4397-9092-7F05BE2F2ED5}.Release|Any CPU.ActiveCfg = Release|Any CPU
		{D1A078D6-1602-4397-9092-7F05BE2F2ED5}.Release|Any CPU.Build.0 = Release|Any CPU
		{FBE31534-A682-4FFF-ABFD-494B8D0E0CB8}.Debug|Any CPU.ActiveCfg = Debug|Any CPU
		{FBE31534-A682-4FFF-ABFD-494B8D0E0CB8}.Debug|Any CPU.Build.0 = Debug|Any CPU
		{FBE31534-A682-4FFF-ABFD-494B8D0E0CB8}.Release|Any CPU.ActiveCfg = Release|Any CPU
		{FBE31534-A682-4FFF-ABFD-494B8D0E0CB8}.Release|Any CPU.Build.0 = Release|Any CPU
		{F79235C2-D357-49C4-8F2C-944D4EA2F887}.Debug|Any CPU.ActiveCfg = Debug|Any CPU
		{F79235C2-D357-49C4-8F2C-944D4EA2F887}.Debug|Any CPU.Build.0 = Debug|Any CPU
		{F79235C2-D357-49C4-8F2C-944D4EA2F887}.Release|Any CPU.ActiveCfg = Release|Any CPU
		{F79235C2-D357-49C4-8F2C-944D4EA2F887}.Release|Any CPU.Build.0 = Release|Any CPU
		{3CEB43BF-A12A-439A-96C1-A4A75DDB1A26}.Debug|Any CPU.ActiveCfg = Debug|Any CPU
		{3CEB43BF-A12A-439A-96C1-A4A75DDB1A26}.Debug|Any CPU.Build.0 = Debug|Any CPU
		{3CEB43BF-A12A-439A-96C1-A4A75DDB1A26}.Release|Any CPU.ActiveCfg = Release|Any CPU
		{3CEB43BF-A12A-439A-96C1-A4A75DDB1A26}.Release|Any CPU.Build.0 = Release|Any CPU
		{CA7D84FF-DE45-4692-A3AC-95314F2968BD}.Debug|Any CPU.ActiveCfg = Debug|Any CPU
		{CA7D84FF-DE45-4692-A3AC-95314F2968BD}.Debug|Any CPU.Build.0 = Debug|Any CPU
		{CA7D84FF-DE45-4692-A3AC-95314F2968BD}.Release|Any CPU.ActiveCfg = Release|Any CPU
		{CA7D84FF-DE45-4692-A3AC-95314F2968BD}.Release|Any CPU.Build.0 = Release|Any CPU
	EndGlobalSection
	GlobalSection(SolutionProperties) = preSolution
		HideSolutionNode = FALSE
	EndGlobalSection
	GlobalSection(NestedProjects) = preSolution
		{D1A078D6-1602-4397-9092-7F05BE2F2ED5} = {A20189C6-E24D-447F-9E0E-4B302B9BF63F}
		{FBE31534-A682-4FFF-ABFD-494B8D0E0CB8} = {A20189C6-E24D-447F-9E0E-4B302B9BF63F}
		{F79235C2-D357-49C4-8F2C-944D4EA2F887} = {A20189C6-E24D-447F-9E0E-4B302B9BF63F}
		{3CEB43BF-A12A-439A-96C1-A4A75DDB1A26} = {02C94EBF-9E71-4F44-BF03-16DAFFC997B8}
		{CA7D84FF-DE45-4692-A3AC-95314F2968BD} = {028C67DE-9948-417C-A35F-933EDDA67DA1}
	EndGlobalSection
	GlobalSection(ExtensibilityGlobals) = postSolution
		SolutionGuid = {372EEADD-F100-40FC-B371-CEE656A839CE}
	EndGlobalSection
EndGlobal
