
Microsoft Visual Studio Solution File, Format Version 12.00
# Visual Studio 15
VisualStudioVersion = 15.0.27130.2010
MinimumVisualStudioVersion = 10.0.40219.1
Project("{9A19103F-16F7-4668-BE54-9A1E7A4F7556}") = "TheTruth", "TheTruth\TheTruth.csproj", "{DD93C637-EED6-4F09-A98E-5A058D51DD59}"
EndProject
Project("{2150E333-8FDC-42A3-9474-1A3956D46DE8}") = "BLL", "BLL", "{028C67DE-9948-417C-A35F-933EDDA67DA1}"
EndProject
Project("{2150E333-8FDC-42A3-9474-1A3956D46DE8}") = "DAL", "DAL", "{A20189C6-E24D-447F-9E0E-4B302B9BF63F}"
EndProject
Project("{2150E333-8FDC-42A3-9474-1A3956D46DE8}") = "Test", "Test", "{02C94EBF-9E71-4F44-BF03-16DAFFC997B8}"
EndProject
Project("{9A19103F-16F7-4668-BE54-9A1E7A4F7556}") = "VedioService", "webAPP\VedioService\VedioService.csproj", "{165959E8-AB44-44D7-9FD5-FDF78940EEF4}"
EndProject
Project("{9A19103F-16F7-4668-BE54-9A1E7A4F7556}") = "DataAccess", "webAPP\DataAccess\DataAccess.csproj", "{BA2AD1B4-725B-4588-9AC1-4DCB5F41C09E}"
EndProject
Project("{9A19103F-16F7-4668-BE54-9A1E7A4F7556}") = "DataModel", "webAPP\DataModel\DataModel.csproj", "{7023DBDA-6B3B-4F0A-93B2-60C7EAF2BBCA}"
EndProject
Project("{9A19103F-16F7-4668-BE54-9A1E7A4F7556}") = "Repository", "webAPP\Repository\Repository.csproj", "{5ECB3728-33CF-4593-8A25-F8CFBDDDF9EA}"
EndProject
Project("{9A19103F-16F7-4668-BE54-9A1E7A4F7556}") = "VideoService.Test", "webAPP\VideoService.Test\VideoService.Test.csproj", "{7B00F0C5-6FDD-4360-B39A-37015E255B8E}"
EndProject
Global
	GlobalSection(SolutionConfigurationPlatforms) = preSolution
		Debug|Any CPU = Debug|Any CPU
		Release|Any CPU = Release|Any CPU
	EndGlobalSection
	GlobalSection(ProjectConfigurationPlatforms) = postSolution
		{DD93C637-EED6-4F09-A98E-5A058D51DD59}.Debug|Any CPU.ActiveCfg = Debug|Any CPU
		{DD93C637-EED6-4F09-A98E-5A058D51DD59}.Debug|Any CPU.Build.0 = Debug|Any CPU
		{DD93C637-EED6-4F09-A98E-5A058D51DD59}.Release|Any CPU.ActiveCfg = Release|Any CPU
		{DD93C637-EED6-4F09-A98E-5A058D51DD59}.Release|Any CPU.Build.0 = Release|Any CPU
		{165959E8-AB44-44D7-9FD5-FDF78940EEF4}.Debug|Any CPU.ActiveCfg = Debug|Any CPU
		{165959E8-AB44-44D7-9FD5-FDF78940EEF4}.Debug|Any CPU.Build.0 = Debug|Any CPU
		{165959E8-AB44-44D7-9FD5-FDF78940EEF4}.Release|Any CPU.ActiveCfg = Release|Any CPU
		{165959E8-AB44-44D7-9FD5-FDF78940EEF4}.Release|Any CPU.Build.0 = Release|Any CPU
		{BA2AD1B4-725B-4588-9AC1-4DCB5F41C09E}.Debug|Any CPU.ActiveCfg = Debug|Any CPU
		{BA2AD1B4-725B-4588-9AC1-4DCB5F41C09E}.Debug|Any CPU.Build.0 = Debug|Any CPU
		{BA2AD1B4-725B-4588-9AC1-4DCB5F41C09E}.Release|Any CPU.ActiveCfg = Release|Any CPU
		{BA2AD1B4-725B-4588-9AC1-4DCB5F41C09E}.Release|Any CPU.Build.0 = Release|Any CPU
		{7023DBDA-6B3B-4F0A-93B2-60C7EAF2BBCA}.Debug|Any CPU.ActiveCfg = Debug|Any CPU
		{7023DBDA-6B3B-4F0A-93B2-60C7EAF2BBCA}.Debug|Any CPU.Build.0 = Debug|Any CPU
		{7023DBDA-6B3B-4F0A-93B2-60C7EAF2BBCA}.Release|Any CPU.ActiveCfg = Release|Any CPU
		{7023DBDA-6B3B-4F0A-93B2-60C7EAF2BBCA}.Release|Any CPU.Build.0 = Release|Any CPU
		{5ECB3728-33CF-4593-8A25-F8CFBDDDF9EA}.Debug|Any CPU.ActiveCfg = Debug|Any CPU
		{5ECB3728-33CF-4593-8A25-F8CFBDDDF9EA}.Debug|Any CPU.Build.0 = Debug|Any CPU
		{5ECB3728-33CF-4593-8A25-F8CFBDDDF9EA}.Release|Any CPU.ActiveCfg = Release|Any CPU
		{5ECB3728-33CF-4593-8A25-F8CFBDDDF9EA}.Release|Any CPU.Build.0 = Release|Any CPU
		{7B00F0C5-6FDD-4360-B39A-37015E255B8E}.Debug|Any CPU.ActiveCfg = Debug|Any CPU
		{7B00F0C5-6FDD-4360-B39A-37015E255B8E}.Debug|Any CPU.Build.0 = Debug|Any CPU
		{7B00F0C5-6FDD-4360-B39A-37015E255B8E}.Release|Any CPU.ActiveCfg = Release|Any CPU
		{7B00F0C5-6FDD-4360-B39A-37015E255B8E}.Release|Any CPU.Build.0 = Release|Any CPU
	EndGlobalSection
	GlobalSection(SolutionProperties) = preSolution
		HideSolutionNode = FALSE
	EndGlobalSection
	GlobalSection(NestedProjects) = preSolution
		{165959E8-AB44-44D7-9FD5-FDF78940EEF4} = {028C67DE-9948-417C-A35F-933EDDA67DA1}
		{BA2AD1B4-725B-4588-9AC1-4DCB5F41C09E} = {A20189C6-E24D-447F-9E0E-4B302B9BF63F}
		{7023DBDA-6B3B-4F0A-93B2-60C7EAF2BBCA} = {A20189C6-E24D-447F-9E0E-4B302B9BF63F}
		{5ECB3728-33CF-4593-8A25-F8CFBDDDF9EA} = {A20189C6-E24D-447F-9E0E-4B302B9BF63F}
		{7B00F0C5-6FDD-4360-B39A-37015E255B8E} = {02C94EBF-9E71-4F44-BF03-16DAFFC997B8}
	EndGlobalSection
	GlobalSection(ExtensibilityGlobals) = postSolution
		SolutionGuid = {372EEADD-F100-40FC-B371-CEE656A839CE}
	EndGlobalSection
EndGlobal
