
Microsoft Visual Studio Solution File, Format Version 12.00
# Visual Studio 15
VisualStudioVersion = 15.0.27130.2010
MinimumVisualStudioVersion = 10.0.40219.1
Project("{2150E333-8FDC-42A3-9474-1A3956D46DE8}") = "BLL", "BLL", "{028C67DE-9948-417C-A35F-933EDDA67DA1}"
EndProject
Project("{2150E333-8FDC-42A3-9474-1A3956D46DE8}") = "DAL", "DAL", "{A20189C6-E24D-447F-9E0E-4B302B9BF63F}"
EndProject
Project("{2150E333-8FDC-42A3-9474-1A3956D46DE8}") = "Test", "Test", "{02C94EBF-9E71-4F44-BF03-16DAFFC997B8}"
EndProject
Project("{9A19103F-16F7-4668-BE54-9A1E7A4F7556}") = "Repository", "Repository\Repository.csproj", "{33214544-A07A-4FED-BB10-6453041AB7BD}"
EndProject
Project("{9A19103F-16F7-4668-BE54-9A1E7A4F7556}") = "VideoService.Test", "VideoService.Test\VideoService.Test.csproj", "{471B2F80-4F34-4DC3-99E0-878A6B446634}"
EndProject
Project("{9A19103F-16F7-4668-BE54-9A1E7A4F7556}") = "VideoService", "VedioService\VideoService.csproj", "{E89553F5-835F-409F-BD53-E6C35A8289CA}"
EndProject
Project("{9A19103F-16F7-4668-BE54-9A1E7A4F7556}") = "DataAccess", "DataAccess\DataAccess.csproj", "{43EADF6B-D3CE-454C-B1F3-F10513F5B7E6}"
EndProject
Project("{9A19103F-16F7-4668-BE54-9A1E7A4F7556}") = "DataModel", "DataModel\DataModel.csproj", "{91028BCE-1EBC-4CE0-BFC3-149D883408CC}"
EndProject
Project("{9A19103F-16F7-4668-BE54-9A1E7A4F7556}") = "TruthAPI", "TruthAPI\TruthAPI.csproj", "{BFF8F68F-1885-4A41-B283-845777B413D8}"
EndProject
Project("{9A19103F-16F7-4668-BE54-9A1E7A4F7556}") = "Utility", "Utility\Utility.csproj", "{5C7A04DF-E457-42D1-B4B5-A572CEFA1DC4}"
EndProject
Project("{FAE04EC0-301F-11D3-BF4B-00C04F79EFBC}") = "TruthWindowsService", "TruthWindowsService\TruthWindowsService.csproj", "{449CF7DE-5DDE-44D6-ABE4-B6EDF4FAF119}"
EndProject
Global
	GlobalSection(SolutionConfigurationPlatforms) = preSolution
		Debug|Any CPU = Debug|Any CPU
		Release|Any CPU = Release|Any CPU
	EndGlobalSection
	GlobalSection(ProjectConfigurationPlatforms) = postSolution
		{33214544-A07A-4FED-BB10-6453041AB7BD}.Debug|Any CPU.ActiveCfg = Debug|Any CPU
		{33214544-A07A-4FED-BB10-6453041AB7BD}.Debug|Any CPU.Build.0 = Debug|Any CPU
		{33214544-A07A-4FED-BB10-6453041AB7BD}.Release|Any CPU.ActiveCfg = Release|Any CPU
		{33214544-A07A-4FED-BB10-6453041AB7BD}.Release|Any CPU.Build.0 = Release|Any CPU
		{471B2F80-4F34-4DC3-99E0-878A6B446634}.Debug|Any CPU.ActiveCfg = Debug|Any CPU
		{471B2F80-4F34-4DC3-99E0-878A6B446634}.Debug|Any CPU.Build.0 = Debug|Any CPU
		{471B2F80-4F34-4DC3-99E0-878A6B446634}.Release|Any CPU.ActiveCfg = Release|Any CPU
		{471B2F80-4F34-4DC3-99E0-878A6B446634}.Release|Any CPU.Build.0 = Release|Any CPU
		{E89553F5-835F-409F-BD53-E6C35A8289CA}.Debug|Any CPU.ActiveCfg = Debug|Any CPU
		{E89553F5-835F-409F-BD53-E6C35A8289CA}.Debug|Any CPU.Build.0 = Debug|Any CPU
		{E89553F5-835F-409F-BD53-E6C35A8289CA}.Release|Any CPU.ActiveCfg = Release|Any CPU
		{E89553F5-835F-409F-BD53-E6C35A8289CA}.Release|Any CPU.Build.0 = Release|Any CPU
		{43EADF6B-D3CE-454C-B1F3-F10513F5B7E6}.Debug|Any CPU.ActiveCfg = Debug|Any CPU
		{43EADF6B-D3CE-454C-B1F3-F10513F5B7E6}.Debug|Any CPU.Build.0 = Debug|Any CPU
		{43EADF6B-D3CE-454C-B1F3-F10513F5B7E6}.Release|Any CPU.ActiveCfg = Release|Any CPU
		{43EADF6B-D3CE-454C-B1F3-F10513F5B7E6}.Release|Any CPU.Build.0 = Release|Any CPU
		{91028BCE-1EBC-4CE0-BFC3-149D883408CC}.Debug|Any CPU.ActiveCfg = Debug|Any CPU
		{91028BCE-1EBC-4CE0-BFC3-149D883408CC}.Debug|Any CPU.Build.0 = Debug|Any CPU
		{91028BCE-1EBC-4CE0-BFC3-149D883408CC}.Release|Any CPU.ActiveCfg = Release|Any CPU
		{91028BCE-1EBC-4CE0-BFC3-149D883408CC}.Release|Any CPU.Build.0 = Release|Any CPU
		{BFF8F68F-1885-4A41-B283-845777B413D8}.Debug|Any CPU.ActiveCfg = Debug|Any CPU
		{BFF8F68F-1885-4A41-B283-845777B413D8}.Debug|Any CPU.Build.0 = Debug|Any CPU
		{BFF8F68F-1885-4A41-B283-845777B413D8}.Release|Any CPU.ActiveCfg = Release|Any CPU
		{BFF8F68F-1885-4A41-B283-845777B413D8}.Release|Any CPU.Build.0 = Release|Any CPU
		{5C7A04DF-E457-42D1-B4B5-A572CEFA1DC4}.Debug|Any CPU.ActiveCfg = Debug|Any CPU
		{5C7A04DF-E457-42D1-B4B5-A572CEFA1DC4}.Debug|Any CPU.Build.0 = Debug|Any CPU
		{5C7A04DF-E457-42D1-B4B5-A572CEFA1DC4}.Release|Any CPU.ActiveCfg = Release|Any CPU
		{5C7A04DF-E457-42D1-B4B5-A572CEFA1DC4}.Release|Any CPU.Build.0 = Release|Any CPU
		{449CF7DE-5DDE-44D6-ABE4-B6EDF4FAF119}.Debug|Any CPU.ActiveCfg = Debug|Any CPU
		{449CF7DE-5DDE-44D6-ABE4-B6EDF4FAF119}.Debug|Any CPU.Build.0 = Debug|Any CPU
		{449CF7DE-5DDE-44D6-ABE4-B6EDF4FAF119}.Release|Any CPU.ActiveCfg = Release|Any CPU
		{449CF7DE-5DDE-44D6-ABE4-B6EDF4FAF119}.Release|Any CPU.Build.0 = Release|Any CPU
	EndGlobalSection
	GlobalSection(SolutionProperties) = preSolution
		HideSolutionNode = FALSE
	EndGlobalSection
	GlobalSection(NestedProjects) = preSolution
		{33214544-A07A-4FED-BB10-6453041AB7BD} = {A20189C6-E24D-447F-9E0E-4B302B9BF63F}
		{471B2F80-4F34-4DC3-99E0-878A6B446634} = {02C94EBF-9E71-4F44-BF03-16DAFFC997B8}
		{E89553F5-835F-409F-BD53-E6C35A8289CA} = {028C67DE-9948-417C-A35F-933EDDA67DA1}
		{43EADF6B-D3CE-454C-B1F3-F10513F5B7E6} = {A20189C6-E24D-447F-9E0E-4B302B9BF63F}
		{91028BCE-1EBC-4CE0-BFC3-149D883408CC} = {A20189C6-E24D-447F-9E0E-4B302B9BF63F}
		{5C7A04DF-E457-42D1-B4B5-A572CEFA1DC4} = {028C67DE-9948-417C-A35F-933EDDA67DA1}
	EndGlobalSection
	GlobalSection(ExtensibilityGlobals) = postSolution
		SolutionGuid = {372EEADD-F100-40FC-B371-CEE656A839CE}
	EndGlobalSection
EndGlobal
